
Microsoft Visual Studio Solution File, Format Version 12.00
# Visual Studio 15
VisualStudioVersion = 15.0.26430.6
MinimumVisualStudioVersion = 10.0.40219.1
Project("{FAE04EC0-301F-11D3-BF4B-00C04F79EFBC}") = "USBBackupGUI", "USBBackupGUI\USBBackupGUI.csproj", "{983F6404-B238-4177-B105-23D1852BF41F}"
EndProject
Project("{FAE04EC0-301F-11D3-BF4B-00C04F79EFBC}") = "USBBackup", "USBBackup\USBBackup.csproj", "{BFC9E1A8-01F5-4B26-A9F9-44D642B15246}"
EndProject
Global
	GlobalSection(SolutionConfigurationPlatforms) = preSolution
		Debug|Any CPU = Debug|Any CPU
		Debug|x86 = Debug|x86
		Release|Any CPU = Release|Any CPU
		Release|x86 = Release|x86
	EndGlobalSection
	GlobalSection(ProjectConfigurationPlatforms) = postSolution
		{983F6404-B238-4177-B105-23D1852BF41F}.Debug|Any CPU.ActiveCfg = Debug|Any CPU
		{983F6404-B238-4177-B105-23D1852BF41F}.Debug|Any CPU.Build.0 = Debug|Any CPU
		{983F6404-B238-4177-B105-23D1852BF41F}.Debug|x86.ActiveCfg = Debug|x86
		{983F6404-B238-4177-B105-23D1852BF41F}.Debug|x86.Build.0 = Debug|x86
		{983F6404-B238-4177-B105-23D1852BF41F}.Release|Any CPU.ActiveCfg = Release|Any CPU
		{983F6404-B238-4177-B105-23D1852BF41F}.Release|Any CPU.Build.0 = Release|Any CPU
		{983F6404-B238-4177-B105-23D1852BF41F}.Release|x86.ActiveCfg = Release|x86
		{983F6404-B238-4177-B105-23D1852BF41F}.Release|x86.Build.0 = Release|x86
		{BFC9E1A8-01F5-4B26-A9F9-44D642B15246}.Debug|Any CPU.ActiveCfg = Debug|Any CPU
		{BFC9E1A8-01F5-4B26-A9F9-44D642B15246}.Debug|Any CPU.Build.0 = Debug|Any CPU
		{BFC9E1A8-01F5-4B26-A9F9-44D642B15246}.Debug|x86.ActiveCfg = Debug|Any CPU
		{BFC9E1A8-01F5-4B26-A9F9-44D642B15246}.Debug|x86.Build.0 = Debug|Any CPU
		{BFC9E1A8-01F5-4B26-A9F9-44D642B15246}.Release|Any CPU.ActiveCfg = Release|Any CPU
		{BFC9E1A8-01F5-4B26-A9F9-44D642B15246}.Release|Any CPU.Build.0 = Release|Any CPU
		{BFC9E1A8-01F5-4B26-A9F9-44D642B15246}.Release|x86.ActiveCfg = Release|Any CPU
		{BFC9E1A8-01F5-4B26-A9F9-44D642B15246}.Release|x86.Build.0 = Release|Any CPU
	EndGlobalSection
	GlobalSection(SolutionProperties) = preSolution
		HideSolutionNode = FALSE
	EndGlobalSection
EndGlobal
